
Microsoft Visual Studio Solution File, Format Version 12.00
# Visual Studio 15
VisualStudioVersion = 15.0.27428.2043
MinimumVisualStudioVersion = 10.0.40219.1
Project("{9A19103F-16F7-4668-BE54-9A1E7A4F7556}") = "UnitTest", "UnitTest\UnitTest.csproj", "{6C40951B-05E0-4243-B944-114232E9AF49}"
EndProject
Project("{9A19103F-16F7-4668-BE54-9A1E7A4F7556}") = "Net.Leobreda.Database", "Net.Leobreda.Database\Net.Leobreda.Database.csproj", "{E20D6431-EA7E-4517-A7A1-8D2307284F7D}"
EndProject
Project("{9A19103F-16F7-4668-BE54-9A1E7A4F7556}") = "Net.Leobreda.Mock", "Net.Leobreda.Mock\Net.Leobreda.Mock.csproj", "{C494CB29-8D94-400D-A52A-3E092455CF69}"
EndProject
Project("{9A19103F-16F7-4668-BE54-9A1E7A4F7556}") = "MockSQL", "MockSQL.csproj", "{9E7C8071-3C28-4466-9485-DA8625A39075}"
EndProject
Global
	GlobalSection(SolutionConfigurationPlatforms) = preSolution
		Debug|Any CPU = Debug|Any CPU
		Release|Any CPU = Release|Any CPU
	EndGlobalSection
	GlobalSection(ProjectConfigurationPlatforms) = postSolution
		{6C40951B-05E0-4243-B944-114232E9AF49}.Debug|Any CPU.ActiveCfg = Debug|Any CPU
		{6C40951B-05E0-4243-B944-114232E9AF49}.Debug|Any CPU.Build.0 = Debug|Any CPU
		{6C40951B-05E0-4243-B944-114232E9AF49}.Release|Any CPU.ActiveCfg = Release|Any CPU
		{6C40951B-05E0-4243-B944-114232E9AF49}.Release|Any CPU.Build.0 = Release|Any CPU
		{E20D6431-EA7E-4517-A7A1-8D2307284F7D}.Debug|Any CPU.ActiveCfg = Debug|Any CPU
		{E20D6431-EA7E-4517-A7A1-8D2307284F7D}.Debug|Any CPU.Build.0 = Debug|Any CPU
		{E20D6431-EA7E-4517-A7A1-8D2307284F7D}.Release|Any CPU.ActiveCfg = Release|Any CPU
		{E20D6431-EA7E-4517-A7A1-8D2307284F7D}.Release|Any CPU.Build.0 = Release|Any CPU
		{C494CB29-8D94-400D-A52A-3E092455CF69}.Debug|Any CPU.ActiveCfg = Debug|Any CPU
		{C494CB29-8D94-400D-A52A-3E092455CF69}.Debug|Any CPU.Build.0 = Debug|Any CPU
		{C494CB29-8D94-400D-A52A-3E092455CF69}.Release|Any CPU.ActiveCfg = Release|Any CPU
		{C494CB29-8D94-400D-A52A-3E092455CF69}.Release|Any CPU.Build.0 = Release|Any CPU
		{9E7C8071-3C28-4466-9485-DA8625A39075}.Debug|Any CPU.ActiveCfg = Debug|Any CPU
		{9E7C8071-3C28-4466-9485-DA8625A39075}.Debug|Any CPU.Build.0 = Debug|Any CPU
		{9E7C8071-3C28-4466-9485-DA8625A39075}.Release|Any CPU.ActiveCfg = Release|Any CPU
		{9E7C8071-3C28-4466-9485-DA8625A39075}.Release|Any CPU.Build.0 = Release|Any CPU
	EndGlobalSection
	GlobalSection(SolutionProperties) = preSolution
		HideSolutionNode = FALSE
	EndGlobalSection
	GlobalSection(ExtensibilityGlobals) = postSolution
		SolutionGuid = {00B7C4E8-3C09-4765-8CA3-3E814A9E25B0}
	EndGlobalSection
EndGlobal
